
Microsoft Visual Studio Solution File, Format Version 12.00
# Visual Studio Version 16
VisualStudioVersion = 16.0.33529.622
MinimumVisualStudioVersion = 10.0.40219.1
Project("{FAE04EC0-301F-11D3-BF4B-00C04F79EFBC}") = "DataTransfer", "DataTransfer\DataTransfer.csproj", "{6FCFAA95-BEB2-4E92-8013-45E9C1D9F6F4}"
EndProject
Global
	GlobalSection(SolutionConfigurationPlatforms) = preSolution
		Debug|Any CPU = Debug|Any CPU
		Release|Any CPU = Release|Any CPU
	EndGlobalSection
	GlobalSection(ProjectConfigurationPlatforms) = postSolution
		{6FCFAA95-BEB2-4E92-8013-45E9C1D9F6F4}.Debug|Any CPU.ActiveCfg = Debug|Any CPU
		{6FCFAA95-BEB2-4E92-8013-45E9C1D9F6F4}.Debug|Any CPU.Build.0 = Debug|Any CPU
		{6FCFAA95-BEB2-4E92-8013-45E9C1D9F6F4}.Release|Any CPU.ActiveCfg = Release|Any CPU
		{6FCFAA95-BEB2-4E92-8013-45E9C1D9F6F4}.Release|Any CPU.Build.0 = Release|Any CPU
	EndGlobalSection
	GlobalSection(SolutionProperties) = preSolution
		HideSolutionNode = FALSE
	EndGlobalSection
	GlobalSection(ExtensibilityGlobals) = postSolution
		SolutionGuid = {392A2311-D14F-46A3-AFBE-F37682218C41}
	EndGlobalSection
EndGlobal
